
Microsoft Visual Studio Solution File, Format Version 12.00
# Visual Studio Version 16
VisualStudioVersion = 16.0.30225.117
MinimumVisualStudioVersion = 10.0.40219.1
Project("{FAE04EC0-301F-11D3-BF4B-00C04F79EFBC}") = "Final_App.UWP", "Final_App\Final_App.UWP\Final_App.UWP.csproj", "{A5281629-2D24-4832-9496-F1E5C80AAFEB}"
EndProject
Project("{FAE04EC0-301F-11D3-BF4B-00C04F79EFBC}") = "Final_App.Android", "Final_App\Final_App.Android\Final_App.Android.csproj", "{F520B7AA-76E8-43A6-88B7-6B47D8F3266E}"
EndProject
Project("{FAE04EC0-301F-11D3-BF4B-00C04F79EFBC}") = "Final_App.iOS", "Final_App\Final_App.iOS\Final_App.iOS.csproj", "{5380841C-7180-4D61-83ED-2C39210D55FF}"
EndProject
Project("{FAE04EC0-301F-11D3-BF4B-00C04F79EFBC}") = "Final_App", "Final_App\Final_App\Final_App.csproj", "{BE67403C-740D-43A9-8916-95A5006EC3DF}"
EndProject
Global
	GlobalSection(SolutionConfigurationPlatforms) = preSolution
		Debug|Any CPU = Debug|Any CPU
		Debug|ARM = Debug|ARM
		Debug|iPhone = Debug|iPhone
		Debug|iPhoneSimulator = Debug|iPhoneSimulator
		Debug|x64 = Debug|x64
		Debug|x86 = Debug|x86
		Release|Any CPU = Release|Any CPU
		Release|ARM = Release|ARM
		Release|iPhone = Release|iPhone
		Release|iPhoneSimulator = Release|iPhoneSimulator
		Release|x64 = Release|x64
		Release|x86 = Release|x86
	EndGlobalSection
	GlobalSection(ProjectConfigurationPlatforms) = postSolution
		{A5281629-2D24-4832-9496-F1E5C80AAFEB}.Debug|Any CPU.ActiveCfg = Debug|x86
		{A5281629-2D24-4832-9496-F1E5C80AAFEB}.Debug|Any CPU.Build.0 = Debug|x86
		{A5281629-2D24-4832-9496-F1E5C80AAFEB}.Debug|Any CPU.Deploy.0 = Debug|x86
		{A5281629-2D24-4832-9496-F1E5C80AAFEB}.Debug|ARM.ActiveCfg = Debug|ARM
		{A5281629-2D24-4832-9496-F1E5C80AAFEB}.Debug|ARM.Build.0 = Debug|ARM
		{A5281629-2D24-4832-9496-F1E5C80AAFEB}.Debug|ARM.Deploy.0 = Debug|ARM
		{A5281629-2D24-4832-9496-F1E5C80AAFEB}.Debug|iPhone.ActiveCfg = Debug|x86
		{A5281629-2D24-4832-9496-F1E5C80AAFEB}.Debug|iPhone.Build.0 = Debug|x86
		{A5281629-2D24-4832-9496-F1E5C80AAFEB}.Debug|iPhone.Deploy.0 = Debug|x86
		{A5281629-2D24-4832-9496-F1E5C80AAFEB}.Debug|iPhoneSimulator.ActiveCfg = Debug|x86
		{A5281629-2D24-4832-9496-F1E5C80AAFEB}.Debug|iPhoneSimulator.Build.0 = Debug|x86
		{A5281629-2D24-4832-9496-F1E5C80AAFEB}.Debug|iPhoneSimulator.Deploy.0 = Debug|x86
		{A5281629-2D24-4832-9496-F1E5C80AAFEB}.Debug|x64.ActiveCfg = Debug|x64
		{A5281629-2D24-4832-9496-F1E5C80AAFEB}.Debug|x64.Build.0 = Debug|x64
		{A5281629-2D24-4832-9496-F1E5C80AAFEB}.Debug|x64.Deploy.0 = Debug|x64
		{A5281629-2D24-4832-9496-F1E5C80AAFEB}.Debug|x86.ActiveCfg = Debug|x86
		{A5281629-2D24-4832-9496-F1E5C80AAFEB}.Debug|x86.Build.0 = Debug|x86
		{A5281629-2D24-4832-9496-F1E5C80AAFEB}.Debug|x86.Deploy.0 = Debug|x86
		{A5281629-2D24-4832-9496-F1E5C80AAFEB}.Release|Any CPU.ActiveCfg = Release|x86
		{A5281629-2D24-4832-9496-F1E5C80AAFEB}.Release|Any CPU.Build.0 = Release|x86
		{A5281629-2D24-4832-9496-F1E5C80AAFEB}.Release|Any CPU.Deploy.0 = Release|x86
		{A5281629-2D24-4832-9496-F1E5C80AAFEB}.Release|ARM.ActiveCfg = Release|ARM
		{A5281629-2D24-4832-9496-F1E5C80AAFEB}.Release|ARM.Build.0 = Release|ARM
		{A5281629-2D24-4832-9496-F1E5C80AAFEB}.Release|ARM.Deploy.0 = Release|ARM
		{A5281629-2D24-4832-9496-F1E5C80AAFEB}.Release|iPhone.ActiveCfg = Release|x86
		{A5281629-2D24-4832-9496-F1E5C80AAFEB}.Release|iPhone.Build.0 = Release|x86
		{A5281629-2D24-4832-9496-F1E5C80AAFEB}.Release|iPhone.Deploy.0 = Release|x86
		{A5281629-2D24-4832-9496-F1E5C80AAFEB}.Release|iPhoneSimulator.ActiveCfg = Release|x86
		{A5281629-2D24-4832-9496-F1E5C80AAFEB}.Release|iPhoneSimulator.Build.0 = Release|x86
		{A5281629-2D24-4832-9496-F1E5C80AAFEB}.Release|iPhoneSimulator.Deploy.0 = Release|x86
		{A5281629-2D24-4832-9496-F1E5C80AAFEB}.Release|x64.ActiveCfg = Release|x64
		{A5281629-2D24-4832-9496-F1E5C80AAFEB}.Release|x64.Build.0 = Release|x64
		{A5281629-2D24-4832-9496-F1E5C80AAFEB}.Release|x64.Deploy.0 = Release|x64
		{A5281629-2D24-4832-9496-F1E5C80AAFEB}.Release|x86.ActiveCfg = Release|x86
		{A5281629-2D24-4832-9496-F1E5C80AAFEB}.Release|x86.Build.0 = Release|x86
		{A5281629-2D24-4832-9496-F1E5C80AAFEB}.Release|x86.Deploy.0 = Release|x86
		{F520B7AA-76E8-43A6-88B7-6B47D8F3266E}.Debug|Any CPU.ActiveCfg = Debug|Any CPU
		{F520B7AA-76E8-43A6-88B7-6B47D8F3266E}.Debug|Any CPU.Build.0 = Debug|Any CPU
		{F520B7AA-76E8-43A6-88B7-6B47D8F3266E}.Debug|Any CPU.Deploy.0 = Debug|Any CPU
		{F520B7AA-76E8-43A6-88B7-6B47D8F3266E}.Debug|ARM.ActiveCfg = Debug|Any CPU
		{F520B7AA-76E8-43A6-88B7-6B47D8F3266E}.Debug|ARM.Build.0 = Debug|Any CPU
		{F520B7AA-76E8-43A6-88B7-6B47D8F3266E}.Debug|ARM.Deploy.0 = Debug|Any CPU
		{F520B7AA-76E8-43A6-88B7-6B47D8F3266E}.Debug|iPhone.ActiveCfg = Debug|Any CPU
		{F520B7AA-76E8-43A6-88B7-6B47D8F3266E}.Debug|iPhone.Build.0 = Debug|Any CPU
		{F520B7AA-76E8-43A6-88B7-6B47D8F3266E}.Debug|iPhone.Deploy.0 = Debug|Any CPU
		{F520B7AA-76E8-43A6-88B7-6B47D8F3266E}.Debug|iPhoneSimulator.ActiveCfg = Debug|Any CPU
		{F520B7AA-76E8-43A6-88B7-6B47D8F3266E}.Debug|iPhoneSimulator.Build.0 = Debug|Any CPU
		{F520B7AA-76E8-43A6-88B7-6B47D8F3266E}.Debug|iPhoneSimulator.Deploy.0 = Debug|Any CPU
		{F520B7AA-76E8-43A6-88B7-6B47D8F3266E}.Debug|x64.ActiveCfg = Debug|Any CPU
		{F520B7AA-76E8-43A6-88B7-6B47D8F3266E}.Debug|x64.Build.0 = Debug|Any CPU
		{F520B7AA-76E8-43A6-88B7-6B47D8F3266E}.Debug|x64.Deploy.0 = Debug|Any CPU
		{F520B7AA-76E8-43A6-88B7-6B47D8F3266E}.Debug|x86.ActiveCfg = Debug|Any CPU
		{F520B7AA-76E8-43A6-88B7-6B47D8F3266E}.Debug|x86.Build.0 = Debug|Any CPU
		{F520B7AA-76E8-43A6-88B7-6B47D8F3266E}.Debug|x86.Deploy.0 = Debug|Any CPU
		{F520B7AA-76E8-43A6-88B7-6B47D8F3266E}.Release|Any CPU.ActiveCfg = Release|Any CPU
		{F520B7AA-76E8-43A6-88B7-6B47D8F3266E}.Release|Any CPU.Build.0 = Release|Any CPU
		{F520B7AA-76E8-43A6-88B7-6B47D8F3266E}.Release|Any CPU.Deploy.0 = Release|Any CPU
		{F520B7AA-76E8-43A6-88B7-6B47D8F3266E}.Release|ARM.ActiveCfg = Release|Any CPU
		{F520B7AA-76E8-43A6-88B7-6B47D8F3266E}.Release|ARM.Build.0 = Release|Any CPU
		{F520B7AA-76E8-43A6-88B7-6B47D8F3266E}.Release|ARM.Deploy.0 = Release|Any CPU
		{F520B7AA-76E8-43A6-88B7-6B47D8F3266E}.Release|iPhone.ActiveCfg = Release|Any CPU
		{F520B7AA-76E8-43A6-88B7-6B47D8F3266E}.Release|iPhone.Build.0 = Release|Any CPU
		{F520B7AA-76E8-43A6-88B7-6B47D8F3266E}.Release|iPhone.Deploy.0 = Release|Any CPU
		{F520B7AA-76E8-43A6-88B7-6B47D8F3266E}.Release|iPhoneSimulator.ActiveCfg = Release|Any CPU
		{F520B7AA-76E8-43A6-88B7-6B47D8F3266E}.Release|iPhoneSimulator.Build.0 = Release|Any CPU
		{F520B7AA-76E8-43A6-88B7-6B47D8F3266E}.Release|iPhoneSimulator.Deploy.0 = Release|Any CPU
		{F520B7AA-76E8-43A6-88B7-6B47D8F3266E}.Release|x64.ActiveCfg = Release|Any CPU
		{F520B7AA-76E8-43A6-88B7-6B47D8F3266E}.Release|x64.Build.0 = Release|Any CPU
		{F520B7AA-76E8-43A6-88B7-6B47D8F3266E}.Release|x64.Deploy.0 = Release|Any CPU
		{F520B7AA-76E8-43A6-88B7-6B47D8F3266E}.Release|x86.ActiveCfg = Release|Any CPU
		{F520B7AA-76E8-43A6-88B7-6B47D8F3266E}.Release|x86.Build.0 = Release|Any CPU
		{F520B7AA-76E8-43A6-88B7-6B47D8F3266E}.Release|x86.Deploy.0 = Release|Any CPU
		{5380841C-7180-4D61-83ED-2C39210D55FF}.Debug|Any CPU.ActiveCfg = Debug|iPhone
		{5380841C-7180-4D61-83ED-2C39210D55FF}.Debug|Any CPU.Build.0 = Debug|iPhone
		{5380841C-7180-4D61-83ED-2C39210D55FF}.Debug|Any CPU.Deploy.0 = Debug|iPhone
		{5380841C-7180-4D61-83ED-2C39210D55FF}.Debug|ARM.ActiveCfg = Debug|iPhone
		{5380841C-7180-4D61-83ED-2C39210D55FF}.Debug|ARM.Build.0 = Debug|iPhone
		{5380841C-7180-4D61-83ED-2C39210D55FF}.Debug|ARM.Deploy.0 = Debug|iPhone
		{5380841C-7180-4D61-83ED-2C39210D55FF}.Debug|iPhone.ActiveCfg = Debug|iPhone
		{5380841C-7180-4D61-83ED-2C39210D55FF}.Debug|iPhone.Build.0 = Debug|iPhone
		{5380841C-7180-4D61-83ED-2C39210D55FF}.Debug|iPhone.Deploy.0 = Debug|iPhone
		{5380841C-7180-4D61-83ED-2C39210D55FF}.Debug|iPhoneSimulator.ActiveCfg = Debug|iPhoneSimulator
		{5380841C-7180-4D61-83ED-2C39210D55FF}.Debug|iPhoneSimulator.Build.0 = Debug|iPhoneSimulator
		{5380841C-7180-4D61-83ED-2C39210D55FF}.Debug|iPhoneSimulator.Deploy.0 = Debug|iPhoneSimulator
		{5380841C-7180-4D61-83ED-2C39210D55FF}.Debug|x64.ActiveCfg = Debug|iPhone
		{5380841C-7180-4D61-83ED-2C39210D55FF}.Debug|x64.Build.0 = Debug|iPhone
		{5380841C-7180-4D61-83ED-2C39210D55FF}.Debug|x64.Deploy.0 = Debug|iPhone
		{5380841C-7180-4D61-83ED-2C39210D55FF}.Debug|x86.ActiveCfg = Debug|iPhone
		{5380841C-7180-4D61-83ED-2C39210D55FF}.Debug|x86.Build.0 = Debug|iPhone
		{5380841C-7180-4D61-83ED-2C39210D55FF}.Debug|x86.Deploy.0 = Debug|iPhone
		{5380841C-7180-4D61-83ED-2C39210D55FF}.Release|Any CPU.ActiveCfg = Release|iPhone
		{5380841C-7180-4D61-83ED-2C39210D55FF}.Release|Any CPU.Build.0 = Release|iPhone
		{5380841C-7180-4D61-83ED-2C39210D55FF}.Release|Any CPU.Deploy.0 = Release|iPhone
		{5380841C-7180-4D61-83ED-2C39210D55FF}.Release|ARM.ActiveCfg = Release|iPhone
		{5380841C-7180-4D61-83ED-2C39210D55FF}.Release|ARM.Build.0 = Release|iPhone
		{5380841C-7180-4D61-83ED-2C39210D55FF}.Release|ARM.Deploy.0 = Release|iPhone
		{5380841C-7180-4D61-83ED-2C39210D55FF}.Release|iPhone.ActiveCfg = Release|iPhone
		{5380841C-7180-4D61-83ED-2C39210D55FF}.Release|iPhone.Build.0 = Release|iPhone
		{5380841C-7180-4D61-83ED-2C39210D55FF}.Release|iPhone.Deploy.0 = Release|iPhone
		{5380841C-7180-4D61-83ED-2C39210D55FF}.Release|iPhoneSimulator.ActiveCfg = Release|iPhoneSimulator
		{5380841C-7180-4D61-83ED-2C39210D55FF}.Release|iPhoneSimulator.Build.0 = Release|iPhoneSimulator
		{5380841C-7180-4D61-83ED-2C39210D55FF}.Release|iPhoneSimulator.Deploy.0 = Release|iPhoneSimulator
		{5380841C-7180-4D61-83ED-2C39210D55FF}.Release|x64.ActiveCfg = Release|iPhone
		{5380841C-7180-4D61-83ED-2C39210D55FF}.Release|x64.Build.0 = Release|iPhone
		{5380841C-7180-4D61-83ED-2C39210D55FF}.Release|x64.Deploy.0 = Release|iPhone
		{5380841C-7180-4D61-83ED-2C39210D55FF}.Release|x86.ActiveCfg = Release|iPhone
		{5380841C-7180-4D61-83ED-2C39210D55FF}.Release|x86.Build.0 = Release|iPhone
		{5380841C-7180-4D61-83ED-2C39210D55FF}.Release|x86.Deploy.0 = Release|iPhone
		{BE67403C-740D-43A9-8916-95A5006EC3DF}.Debug|Any CPU.ActiveCfg = Debug|Any CPU
		{BE67403C-740D-43A9-8916-95A5006EC3DF}.Debug|Any CPU.Build.0 = Debug|Any CPU
		{BE67403C-740D-43A9-8916-95A5006EC3DF}.Debug|Any CPU.Deploy.0 = Debug|Any CPU
		{BE67403C-740D-43A9-8916-95A5006EC3DF}.Debug|ARM.ActiveCfg = Debug|Any CPU
		{BE67403C-740D-43A9-8916-95A5006EC3DF}.Debug|ARM.Build.0 = Debug|Any CPU
		{BE67403C-740D-43A9-8916-95A5006EC3DF}.Debug|ARM.Deploy.0 = Debug|Any CPU
		{BE67403C-740D-43A9-8916-95A5006EC3DF}.Debug|iPhone.ActiveCfg = Debug|Any CPU
		{BE67403C-740D-43A9-8916-95A5006EC3DF}.Debug|iPhone.Build.0 = Debug|Any CPU
		{BE67403C-740D-43A9-8916-95A5006EC3DF}.Debug|iPhone.Deploy.0 = Debug|Any CPU
		{BE67403C-740D-43A9-8916-95A5006EC3DF}.Debug|iPhoneSimulator.ActiveCfg = Debug|Any CPU
		{BE67403C-740D-43A9-8916-95A5006EC3DF}.Debug|iPhoneSimulator.Build.0 = Debug|Any CPU
		{BE67403C-740D-43A9-8916-95A5006EC3DF}.Debug|iPhoneSimulator.Deploy.0 = Debug|Any CPU
		{BE67403C-740D-43A9-8916-95A5006EC3DF}.Debug|x64.ActiveCfg = Debug|Any CPU
		{BE67403C-740D-43A9-8916-95A5006EC3DF}.Debug|x64.Build.0 = Debug|Any CPU
		{BE67403C-740D-43A9-8916-95A5006EC3DF}.Debug|x64.Deploy.0 = Debug|Any CPU
		{BE67403C-740D-43A9-8916-95A5006EC3DF}.Debug|x86.ActiveCfg = Debug|Any CPU
		{BE67403C-740D-43A9-8916-95A5006EC3DF}.Debug|x86.Build.0 = Debug|Any CPU
		{BE67403C-740D-43A9-8916-95A5006EC3DF}.Debug|x86.Deploy.0 = Debug|Any CPU
		{BE67403C-740D-43A9-8916-95A5006EC3DF}.Release|Any CPU.ActiveCfg = Release|Any CPU
		{BE67403C-740D-43A9-8916-95A5006EC3DF}.Release|Any CPU.Build.0 = Release|Any CPU
		{BE67403C-740D-43A9-8916-95A5006EC3DF}.Release|Any CPU.Deploy.0 = Release|Any CPU
		{BE67403C-740D-43A9-8916-95A5006EC3DF}.Release|ARM.ActiveCfg = Release|Any CPU
		{BE67403C-740D-43A9-8916-95A5006EC3DF}.Release|ARM.Build.0 = Release|Any CPU
		{BE67403C-740D-43A9-8916-95A5006EC3DF}.Release|ARM.Deploy.0 = Release|Any CPU
		{BE67403C-740D-43A9-8916-95A5006EC3DF}.Release|iPhone.ActiveCfg = Release|Any CPU
		{BE67403C-740D-43A9-8916-95A5006EC3DF}.Release|iPhone.Build.0 = Release|Any CPU
		{BE67403C-740D-43A9-8916-95A5006EC3DF}.Release|iPhone.Deploy.0 = Release|Any CPU
		{BE67403C-740D-43A9-8916-95A5006EC3DF}.Release|iPhoneSimulator.ActiveCfg = Release|Any CPU
		{BE67403C-740D-43A9-8916-95A5006EC3DF}.Release|iPhoneSimulator.Build.0 = Release|Any CPU
		{BE67403C-740D-43A9-8916-95A5006EC3DF}.Release|iPhoneSimulator.Deploy.0 = Release|Any CPU
		{BE67403C-740D-43A9-8916-95A5006EC3DF}.Release|x64.ActiveCfg = Release|Any CPU
		{BE67403C-740D-43A9-8916-95A5006EC3DF}.Release|x64.Build.0 = Release|Any CPU
		{BE67403C-740D-43A9-8916-95A5006EC3DF}.Release|x64.Deploy.0 = Release|Any CPU
		{BE67403C-740D-43A9-8916-95A5006EC3DF}.Release|x86.ActiveCfg = Release|Any CPU
		{BE67403C-740D-43A9-8916-95A5006EC3DF}.Release|x86.Build.0 = Release|Any CPU
		{BE67403C-740D-43A9-8916-95A5006EC3DF}.Release|x86.Deploy.0 = Release|Any CPU
	EndGlobalSection
	GlobalSection(SolutionProperties) = preSolution
		HideSolutionNode = FALSE
	EndGlobalSection
	GlobalSection(ExtensibilityGlobals) = postSolution
		SolutionGuid = {D48861B1-B1BB-462A-A314-FEB3C55AD3C0}
	EndGlobalSection
EndGlobal
